
Microsoft Visual Studio Solution File, Format Version 12.00
# Visual Studio Version 16
VisualStudioVersion = 16.0.29911.84
MinimumVisualStudioVersion = 10.0.40219.1
Project("{9A19103F-16F7-4668-BE54-9A1E7A4F7556}") = "IdentityServer", "IdentityServer\IdentityServer.csproj", "{9C91885A-3930-4E8E-8D8F-22CF60702E3D}"
EndProject
Project("{9A19103F-16F7-4668-BE54-9A1E7A4F7556}") = "ApiServer", "ApiServer\ApiServer.csproj", "{54BFA090-4367-49D7-B7A8-647DCA289806}"
EndProject
Project("{9A19103F-16F7-4668-BE54-9A1E7A4F7556}") = "IdentityTest", "IdentityTest\IdentityTest.csproj", "{82C29C59-6570-43A6-846A-ADB5F7AF4BDE}"
EndProject
Project("{2150E333-8FDC-42A3-9474-1A3956D46DE8}") = "Solution Items", "Solution Items", "{1F6BF330-B04D-4E26-8188-7962FF2BCBB5}"
	ProjectSection(SolutionItems) = preProject
		init\firstsql.mysql = init\firstsql.mysql
		readme.md = readme.md
		init\tbl_account.csv = init\tbl_account.csv
	EndProjectSection
EndProject
Project("{E53339B2-1760-4266-BCC7-CA923CBCF16C}") = "docker-compose", "docker-compose.dcproj", "{82FFBBA4-BEC0-4326-ABBA-958EA97F3ACB}"
EndProject
Project("{2150E333-8FDC-42A3-9474-1A3956D46DE8}") = "TestClient", "TestClient", "{E1F54EC5-6A2A-45AB-93DF-FEAD46AE5879}"
	ProjectSection(SolutionItems) = preProject
		TestClient\default.conf = TestClient\default.conf
		TestClient\Dockerfile = TestClient\Dockerfile
		TestClient\static-html\index.html = TestClient\static-html\index.html
	EndProjectSection
EndProject
Global
	GlobalSection(SolutionConfigurationPlatforms) = preSolution
		Debug|Any CPU = Debug|Any CPU
		Release|Any CPU = Release|Any CPU
	EndGlobalSection
	GlobalSection(ProjectConfigurationPlatforms) = postSolution
		{9C91885A-3930-4E8E-8D8F-22CF60702E3D}.Debug|Any CPU.ActiveCfg = Debug|Any CPU
		{9C91885A-3930-4E8E-8D8F-22CF60702E3D}.Debug|Any CPU.Build.0 = Debug|Any CPU
		{9C91885A-3930-4E8E-8D8F-22CF60702E3D}.Release|Any CPU.ActiveCfg = Release|Any CPU
		{9C91885A-3930-4E8E-8D8F-22CF60702E3D}.Release|Any CPU.Build.0 = Release|Any CPU
		{54BFA090-4367-49D7-B7A8-647DCA289806}.Debug|Any CPU.ActiveCfg = Debug|Any CPU
		{54BFA090-4367-49D7-B7A8-647DCA289806}.Debug|Any CPU.Build.0 = Debug|Any CPU
		{54BFA090-4367-49D7-B7A8-647DCA289806}.Release|Any CPU.ActiveCfg = Release|Any CPU
		{54BFA090-4367-49D7-B7A8-647DCA289806}.Release|Any CPU.Build.0 = Release|Any CPU
		{82C29C59-6570-43A6-846A-ADB5F7AF4BDE}.Debug|Any CPU.ActiveCfg = Debug|Any CPU
		{82C29C59-6570-43A6-846A-ADB5F7AF4BDE}.Debug|Any CPU.Build.0 = Debug|Any CPU
		{82C29C59-6570-43A6-846A-ADB5F7AF4BDE}.Release|Any CPU.ActiveCfg = Release|Any CPU
		{82C29C59-6570-43A6-846A-ADB5F7AF4BDE}.Release|Any CPU.Build.0 = Release|Any CPU
		{82FFBBA4-BEC0-4326-ABBA-958EA97F3ACB}.Debug|Any CPU.ActiveCfg = Debug|Any CPU
		{82FFBBA4-BEC0-4326-ABBA-958EA97F3ACB}.Debug|Any CPU.Build.0 = Debug|Any CPU
		{82FFBBA4-BEC0-4326-ABBA-958EA97F3ACB}.Release|Any CPU.ActiveCfg = Release|Any CPU
		{82FFBBA4-BEC0-4326-ABBA-958EA97F3ACB}.Release|Any CPU.Build.0 = Release|Any CPU
	EndGlobalSection
	GlobalSection(SolutionProperties) = preSolution
		HideSolutionNode = FALSE
	EndGlobalSection
	GlobalSection(NestedProjects) = preSolution
		{E1F54EC5-6A2A-45AB-93DF-FEAD46AE5879} = {1F6BF330-B04D-4E26-8188-7962FF2BCBB5}
	EndGlobalSection
	GlobalSection(ExtensibilityGlobals) = postSolution
		SolutionGuid = {12A37029-842F-437F-A36B-57F896B6D08D}
	EndGlobalSection
EndGlobal
